
Microsoft Visual Studio Solution File, Format Version 12.00
# Visual Studio 14
VisualStudioVersion = 14.0.24720.0
MinimumVisualStudioVersion = 10.0.40219.1
Project("{FAE04EC0-301F-11D3-BF4B-00C04F79EFBC}") = "SwaggerDemoApi", "SwaggerDemoApi\SwaggerDemoApi.csproj", "{E7CD6F38-0F98-4FA6-9350-291CA2483CCF}"
EndProject
Project("{2150E333-8FDC-42A3-9474-1A3956D46DE8}") = "IdentityProviders", "IdentityProviders", "{3144C18F-F970-45B0-978B-A7B898A8DDB1}"
EndProject
Project("{FAE04EC0-301F-11D3-BF4B-00C04F79EFBC}") = "Constants", "IdentityProviders\Constants\Constants.csproj", "{D4B8ACDF-5CC3-4A7B-AE30-5055522E025A}"
EndProject
Project("{2150E333-8FDC-42A3-9474-1A3956D46DE8}") = "Clients", "Clients", "{0AF9F10B-4CAE-43C3-8EEF-89C4BFA8AF5C}"
EndProject
Project("{FAE04EC0-301F-11D3-BF4B-00C04F79EFBC}") = "SelfHost (Minimal)", "IdentityProviders\SelfHost (Minimal)\SelfHost (Minimal).csproj", "{F0B58CB4-548B-4934-84D3-8003160FF046}"
EndProject
Project("{FAE04EC0-301F-11D3-BF4B-00C04F79EFBC}") = "JavaScript Implicit Client - Simple", "IdentityProviders\Clients\JavaScriptImplicitClient-Simple\JavaScript Implicit Client - Simple.csproj", "{104B2540-1F77-4216-B801-428AE970F9C9}"
EndProject
Project("{FAE04EC0-301F-11D3-BF4B-00C04F79EFBC}") = "WPF Implicit Client", "IdentityProviders\Clients\WpfClient\WPF Implicit Client.csproj", "{BDE643AE-47D7-4FC7-8F48-6FC898D3A333}"
EndProject
Global
	GlobalSection(SolutionConfigurationPlatforms) = preSolution
		Debug|Any CPU = Debug|Any CPU
		Release|Any CPU = Release|Any CPU
	EndGlobalSection
	GlobalSection(ProjectConfigurationPlatforms) = postSolution
		{E7CD6F38-0F98-4FA6-9350-291CA2483CCF}.Debug|Any CPU.ActiveCfg = Debug|Any CPU
		{E7CD6F38-0F98-4FA6-9350-291CA2483CCF}.Debug|Any CPU.Build.0 = Debug|Any CPU
		{E7CD6F38-0F98-4FA6-9350-291CA2483CCF}.Release|Any CPU.ActiveCfg = Release|Any CPU
		{E7CD6F38-0F98-4FA6-9350-291CA2483CCF}.Release|Any CPU.Build.0 = Release|Any CPU
		{D4B8ACDF-5CC3-4A7B-AE30-5055522E025A}.Debug|Any CPU.ActiveCfg = Debug|Any CPU
		{D4B8ACDF-5CC3-4A7B-AE30-5055522E025A}.Debug|Any CPU.Build.0 = Debug|Any CPU
		{D4B8ACDF-5CC3-4A7B-AE30-5055522E025A}.Release|Any CPU.ActiveCfg = Release|Any CPU
		{D4B8ACDF-5CC3-4A7B-AE30-5055522E025A}.Release|Any CPU.Build.0 = Release|Any CPU
		{F0B58CB4-548B-4934-84D3-8003160FF046}.Debug|Any CPU.ActiveCfg = Debug|Any CPU
		{F0B58CB4-548B-4934-84D3-8003160FF046}.Debug|Any CPU.Build.0 = Debug|Any CPU
		{F0B58CB4-548B-4934-84D3-8003160FF046}.Release|Any CPU.ActiveCfg = Release|Any CPU
		{F0B58CB4-548B-4934-84D3-8003160FF046}.Release|Any CPU.Build.0 = Release|Any CPU
		{104B2540-1F77-4216-B801-428AE970F9C9}.Debug|Any CPU.ActiveCfg = Debug|Any CPU
		{104B2540-1F77-4216-B801-428AE970F9C9}.Debug|Any CPU.Build.0 = Debug|Any CPU
		{104B2540-1F77-4216-B801-428AE970F9C9}.Release|Any CPU.ActiveCfg = Release|Any CPU
		{104B2540-1F77-4216-B801-428AE970F9C9}.Release|Any CPU.Build.0 = Release|Any CPU
		{BDE643AE-47D7-4FC7-8F48-6FC898D3A333}.Debug|Any CPU.ActiveCfg = Debug|Any CPU
		{BDE643AE-47D7-4FC7-8F48-6FC898D3A333}.Debug|Any CPU.Build.0 = Debug|Any CPU
		{BDE643AE-47D7-4FC7-8F48-6FC898D3A333}.Release|Any CPU.ActiveCfg = Release|Any CPU
		{BDE643AE-47D7-4FC7-8F48-6FC898D3A333}.Release|Any CPU.Build.0 = Release|Any CPU
	EndGlobalSection
	GlobalSection(SolutionProperties) = preSolution
		HideSolutionNode = FALSE
	EndGlobalSection
	GlobalSection(NestedProjects) = preSolution
		{D4B8ACDF-5CC3-4A7B-AE30-5055522E025A} = {3144C18F-F970-45B0-978B-A7B898A8DDB1}
		{0AF9F10B-4CAE-43C3-8EEF-89C4BFA8AF5C} = {3144C18F-F970-45B0-978B-A7B898A8DDB1}
		{F0B58CB4-548B-4934-84D3-8003160FF046} = {3144C18F-F970-45B0-978B-A7B898A8DDB1}
		{104B2540-1F77-4216-B801-428AE970F9C9} = {0AF9F10B-4CAE-43C3-8EEF-89C4BFA8AF5C}
		{BDE643AE-47D7-4FC7-8F48-6FC898D3A333} = {0AF9F10B-4CAE-43C3-8EEF-89C4BFA8AF5C}
	EndGlobalSection
EndGlobal
